
Microsoft Visual Studio Solution File, Format Version 12.00
# Visual Studio Version 16
VisualStudioVersion = 16.0.31729.503
MinimumVisualStudioVersion = 10.0.40219.1
Project("{8BC9CEB8-8B4A-11D0-8D11-00A0C91BC942}") = "QuestEngine", "QuestEngine\QuestEngine.vcxproj", "{0D650DF4-D2B6-41E5-8360-63D59687410A}"
EndProject
Project("{8BC9CEB8-8B4A-11D0-8D11-00A0C91BC942}") = "QuestUI", "QuestUI\QuestUI.vcxproj", "{8FD0D28D-87D6-4FB7-B6E8-CBC65CE0093E}"
EndProject
Project("{8BC9CEB8-8B4A-11D0-8D11-00A0C91BC942}") = "QuestScratch", "QuestScratch\QuestScratch.vcxproj", "{86BE716D-2F3E-4321-9C1C-23042D863CF2}"
EndProject
Project("{8BC9CEB8-8B4A-11D0-8D11-00A0C91BC942}") = "QuestGLCore", "QuestGLCore\QuestGLCore.vcxproj", "{66C11A4F-4221-47A9-9FDA-69E4D68EE098}"
EndProject
Project("{8BC9CEB8-8B4A-11D0-8D11-00A0C91BC942}") = "QuestGraphicsCore", "QuestGraphicsCore\QuestGraphicsCore.vcxproj", "{D016BF00-EA87-456E-BCE8-806A8BC2607C}"
EndProject
Project("{8BC9CEB8-8B4A-11D0-8D11-00A0C91BC942}") = "QuestWindow", "QuestWindow\QuestWindow.vcxproj", "{26357F8D-9A4A-4D68-A07D-3CE57959D748}"
EndProject
Global
	GlobalSection(SolutionConfigurationPlatforms) = preSolution
		Debug|x64 = Debug|x64
		Debug|x86 = Debug|x86
		Release|x64 = Release|x64
		Release|x86 = Release|x86
	EndGlobalSection
	GlobalSection(ProjectConfigurationPlatforms) = postSolution
		{0D650DF4-D2B6-41E5-8360-63D59687410A}.Debug|x64.ActiveCfg = Debug|x64
		{0D650DF4-D2B6-41E5-8360-63D59687410A}.Debug|x64.Build.0 = Debug|x64
		{0D650DF4-D2B6-41E5-8360-63D59687410A}.Debug|x86.ActiveCfg = Debug|Win32
		{0D650DF4-D2B6-41E5-8360-63D59687410A}.Debug|x86.Build.0 = Debug|Win32
		{0D650DF4-D2B6-41E5-8360-63D59687410A}.Release|x64.ActiveCfg = Release|x64
		{0D650DF4-D2B6-41E5-8360-63D59687410A}.Release|x64.Build.0 = Release|x64
		{0D650DF4-D2B6-41E5-8360-63D59687410A}.Release|x86.ActiveCfg = Release|Win32
		{0D650DF4-D2B6-41E5-8360-63D59687410A}.Release|x86.Build.0 = Release|Win32
		{8FD0D28D-87D6-4FB7-B6E8-CBC65CE0093E}.Debug|x64.ActiveCfg = Debug|x64
		{8FD0D28D-87D6-4FB7-B6E8-CBC65CE0093E}.Debug|x64.Build.0 = Debug|x64
		{8FD0D28D-87D6-4FB7-B6E8-CBC65CE0093E}.Debug|x86.ActiveCfg = Debug|Win32
		{8FD0D28D-87D6-4FB7-B6E8-CBC65CE0093E}.Debug|x86.Build.0 = Debug|Win32
		{8FD0D28D-87D6-4FB7-B6E8-CBC65CE0093E}.Release|x64.ActiveCfg = Release|x64
		{8FD0D28D-87D6-4FB7-B6E8-CBC65CE0093E}.Release|x64.Build.0 = Release|x64
		{8FD0D28D-87D6-4FB7-B6E8-CBC65CE0093E}.Release|x86.ActiveCfg = Release|Win32
		{8FD0D28D-87D6-4FB7-B6E8-CBC65CE0093E}.Release|x86.Build.0 = Release|Win32
		{86BE716D-2F3E-4321-9C1C-23042D863CF2}.Debug|x64.ActiveCfg = Debug|x64
		{86BE716D-2F3E-4321-9C1C-23042D863CF2}.Debug|x64.Build.0 = Debug|x64
		{86BE716D-2F3E-4321-9C1C-23042D863CF2}.Debug|x86.ActiveCfg = Debug|Win32
		{86BE716D-2F3E-4321-9C1C-23042D863CF2}.Debug|x86.Build.0 = Debug|Win32
		{86BE716D-2F3E-4321-9C1C-23042D863CF2}.Release|x64.ActiveCfg = Release|x64
		{86BE716D-2F3E-4321-9C1C-23042D863CF2}.Release|x64.Build.0 = Release|x64
		{86BE716D-2F3E-4321-9C1C-23042D863CF2}.Release|x86.ActiveCfg = Release|Win32
		{86BE716D-2F3E-4321-9C1C-23042D863CF2}.Release|x86.Build.0 = Release|Win32
		{66C11A4F-4221-47A9-9FDA-69E4D68EE098}.Debug|x64.ActiveCfg = Debug|x64
		{66C11A4F-4221-47A9-9FDA-69E4D68EE098}.Debug|x64.Build.0 = Debug|x64
		{66C11A4F-4221-47A9-9FDA-69E4D68EE098}.Debug|x86.ActiveCfg = Debug|Win32
		{66C11A4F-4221-47A9-9FDA-69E4D68EE098}.Debug|x86.Build.0 = Debug|Win32
		{66C11A4F-4221-47A9-9FDA-69E4D68EE098}.Release|x64.ActiveCfg = Release|x64
		{66C11A4F-4221-47A9-9FDA-69E4D68EE098}.Release|x64.Build.0 = Release|x64
		{66C11A4F-4221-47A9-9FDA-69E4D68EE098}.Release|x86.ActiveCfg = Release|Win32
		{66C11A4F-4221-47A9-9FDA-69E4D68EE098}.Release|x86.Build.0 = Release|Win32
		{D016BF00-EA87-456E-BCE8-806A8BC2607C}.Debug|x64.ActiveCfg = Debug|x64
		{D016BF00-EA87-456E-BCE8-806A8BC2607C}.Debug|x64.Build.0 = Debug|x64
		{D016BF00-EA87-456E-BCE8-806A8BC2607C}.Debug|x86.ActiveCfg = Debug|Win32
		{D016BF00-EA87-456E-BCE8-806A8BC2607C}.Debug|x86.Build.0 = Debug|Win32
		{D016BF00-EA87-456E-BCE8-806A8BC2607C}.Release|x64.ActiveCfg = Release|x64
		{D016BF00-EA87-456E-BCE8-806A8BC2607C}.Release|x64.Build.0 = Release|x64
		{D016BF00-EA87-456E-BCE8-806A8BC2607C}.Release|x86.ActiveCfg = Release|Win32
		{D016BF00-EA87-456E-BCE8-806A8BC2607C}.Release|x86.Build.0 = Release|Win32
		{26357F8D-9A4A-4D68-A07D-3CE57959D748}.Debug|x64.ActiveCfg = Debug|x64
		{26357F8D-9A4A-4D68-A07D-3CE57959D748}.Debug|x64.Build.0 = Debug|x64
		{26357F8D-9A4A-4D68-A07D-3CE57959D748}.Debug|x86.ActiveCfg = Debug|Win32
		{26357F8D-9A4A-4D68-A07D-3CE57959D748}.Debug|x86.Build.0 = Debug|Win32
		{26357F8D-9A4A-4D68-A07D-3CE57959D748}.Release|x64.ActiveCfg = Release|x64
		{26357F8D-9A4A-4D68-A07D-3CE57959D748}.Release|x64.Build.0 = Release|x64
		{26357F8D-9A4A-4D68-A07D-3CE57959D748}.Release|x86.ActiveCfg = Release|Win32
		{26357F8D-9A4A-4D68-A07D-3CE57959D748}.Release|x86.Build.0 = Release|Win32
	EndGlobalSection
	GlobalSection(SolutionProperties) = preSolution
		HideSolutionNode = FALSE
	EndGlobalSection
	GlobalSection(ExtensibilityGlobals) = postSolution
		SolutionGuid = {4A1EB30D-AC94-479C-8467-DFAC83179469}
	EndGlobalSection
EndGlobal
